
Microsoft Visual Studio Solution File, Format Version 12.00
# Visual Studio Version 16
VisualStudioVersion = 16.0.31911.196
MinimumVisualStudioVersion = 10.0.40219.1
Project("{FAE04EC0-301F-11D3-BF4B-00C04F79EFBC}") = "Lab20", "Lab20\Lab20.csproj", "{C519C77E-DC68-4855-88DB-FE692CAC3C5D}"
EndProject
Global
	GlobalSection(SolutionConfigurationPlatforms) = preSolution
		Debug|Any CPU = Debug|Any CPU
		Release|Any CPU = Release|Any CPU
	EndGlobalSection
	GlobalSection(ProjectConfigurationPlatforms) = postSolution
		{C519C77E-DC68-4855-88DB-FE692CAC3C5D}.Debug|Any CPU.ActiveCfg = Debug|Any CPU
		{C519C77E-DC68-4855-88DB-FE692CAC3C5D}.Debug|Any CPU.Build.0 = Debug|Any CPU
		{C519C77E-DC68-4855-88DB-FE692CAC3C5D}.Release|Any CPU.ActiveCfg = Release|Any CPU
		{C519C77E-DC68-4855-88DB-FE692CAC3C5D}.Release|Any CPU.Build.0 = Release|Any CPU
	EndGlobalSection
	GlobalSection(SolutionProperties) = preSolution
		HideSolutionNode = FALSE
	EndGlobalSection
	GlobalSection(ExtensibilityGlobals) = postSolution
		SolutionGuid = {6D204B92-DD04-43A4-B498-0DA8650050C1}
	EndGlobalSection
EndGlobal
